
Microsoft Visual Studio Solution File, Format Version 12.00
# Visual Studio Version 16
VisualStudioVersion = 16.0.30907.101
MinimumVisualStudioVersion = 10.0.40219.1
Project("{FAE04EC0-301F-11D3-BF4B-00C04F79EFBC}") = "ExemploRelatorioConsole", "ExemploRelatorioConsole.csproj", "{CCA1EB13-EC3B-4F4E-B7D3-18BE4C9D1859}"
EndProject
Project("{FAE04EC0-301F-11D3-BF4B-00C04F79EFBC}") = "ExemploRelatorioWindForm", "..\ExemploRelatorioWindForm\ExemploRelatorioWindForm.csproj", "{B4AFDCAD-BD21-4B6B-AE21-0567ECD80D0C}"
EndProject
Project("{FAE04EC0-301F-11D3-BF4B-00C04F79EFBC}") = "IntroducaoAoIText", "..\IntroducaoAoIText\IntroducaoAoIText.csproj", "{042066C1-497A-47E3-A350-5A41EEF65426}"
EndProject
Global
	GlobalSection(SolutionConfigurationPlatforms) = preSolution
		Debug|Any CPU = Debug|Any CPU
		Release|Any CPU = Release|Any CPU
	EndGlobalSection
	GlobalSection(ProjectConfigurationPlatforms) = postSolution
		{CCA1EB13-EC3B-4F4E-B7D3-18BE4C9D1859}.Debug|Any CPU.ActiveCfg = Debug|Any CPU
		{CCA1EB13-EC3B-4F4E-B7D3-18BE4C9D1859}.Debug|Any CPU.Build.0 = Debug|Any CPU
		{CCA1EB13-EC3B-4F4E-B7D3-18BE4C9D1859}.Release|Any CPU.ActiveCfg = Release|Any CPU
		{CCA1EB13-EC3B-4F4E-B7D3-18BE4C9D1859}.Release|Any CPU.Build.0 = Release|Any CPU
		{B4AFDCAD-BD21-4B6B-AE21-0567ECD80D0C}.Debug|Any CPU.ActiveCfg = Debug|Any CPU
		{B4AFDCAD-BD21-4B6B-AE21-0567ECD80D0C}.Debug|Any CPU.Build.0 = Debug|Any CPU
		{B4AFDCAD-BD21-4B6B-AE21-0567ECD80D0C}.Release|Any CPU.ActiveCfg = Release|Any CPU
		{B4AFDCAD-BD21-4B6B-AE21-0567ECD80D0C}.Release|Any CPU.Build.0 = Release|Any CPU
		{042066C1-497A-47E3-A350-5A41EEF65426}.Debug|Any CPU.ActiveCfg = Debug|Any CPU
		{042066C1-497A-47E3-A350-5A41EEF65426}.Debug|Any CPU.Build.0 = Debug|Any CPU
		{042066C1-497A-47E3-A350-5A41EEF65426}.Release|Any CPU.ActiveCfg = Release|Any CPU
		{042066C1-497A-47E3-A350-5A41EEF65426}.Release|Any CPU.Build.0 = Release|Any CPU
	EndGlobalSection
	GlobalSection(SolutionProperties) = preSolution
		HideSolutionNode = FALSE
	EndGlobalSection
	GlobalSection(ExtensibilityGlobals) = postSolution
		SolutionGuid = {864D2C8D-7BB2-419C-87B9-2C1303AC1D54}
	EndGlobalSection
EndGlobal
